// !$*UTF8*$!
{
	archiveVersion = 1;
	classes = {
	};
	objectVersion = 50;
	objects = {

/* Begin PBXBuildFile section */
		164F160425BB8EE3002A8D89 /* AppDelegate.swift in Sources */ = {isa = PBXBuildFile; fileRef = 164F160325BB8EE3002A8D89 /* AppDelegate.swift */; };
		164F160625BB8EE3002A8D89 /* ViewController.swift in Sources */ = {isa = PBXBuildFile; fileRef = 164F160525BB8EE3002A8D89 /* ViewController.swift */; };
		164F160825BB8EE6002A8D89 /* Assets.xcassets in Resources */ = {isa = PBXBuildFile; fileRef = 164F160725BB8EE6002A8D89 /* Assets.xcassets */; };
		164F160B25BB8EE6002A8D89 /* Main.storyboard in Resources */ = {isa = PBXBuildFile; fileRef = 164F160925BB8EE6002A8D89 /* Main.storyboard */; };
		164F161725BB8EE6002A8D89 /* OpExecutorTests.swift in Sources */ = {isa = PBXBuildFile; fileRef = 164F161625BB8EE6002A8D89 /* OpExecutorTests.swift */; };
		164F163325BB9271002A8D89 /* Chip8.swift in Sources */ = {isa = PBXBuildFile; fileRef = 164F163225BB9271002A8D89 /* Chip8.swift */; };
		167368D625CAE33F002295FE /* Chip8View.swift in Sources */ = {isa = PBXBuildFile; fileRef = 167368D525CAE33F002295FE /* Chip8View.swift */; };
		167368DA25CAE665002295FE /* Font.swift in Sources */ = {isa = PBXBuildFile; fileRef = 167368D925CAE665002295FE /* Font.swift */; };
		167368F525CB2F99002295FE /* RomSelectorModal.swift in Sources */ = {isa = PBXBuildFile; fileRef = 167368F425CB2F98002295FE /* RomSelectorModal.swift */; };
		16B52B0425CF5299007C67A6 /* Chip8Screen.swift in Sources */ = {isa = PBXBuildFile; fileRef = 16B52B0325CF5299007C67A6 /* Chip8Screen.swift */; };
		16B52B0825CF557C007C67A6 /* Size.swift in Sources */ = {isa = PBXBuildFile; fileRef = 16B52B0725CF557C007C67A6 /* Size.swift */; };
		16FC137225BC608000A8776F /* RomLoader.swift in Sources */ = {isa = PBXBuildFile; fileRef = 16FC137125BC608000A8776F /* RomLoader.swift */; };
		16FC137C25BC622300A8776F /* Disassembler.swift in Sources */ = {isa = PBXBuildFile; fileRef = 16FC137B25BC622300A8776F /* Disassembler.swift */; };
		16FC138125BF7BD700A8776F /* Word.swift in Sources */ = {isa = PBXBuildFile; fileRef = 16FC138025BF7BD700A8776F /* Word.swift */; };
		16FC138625C0ABF600A8776F /* Byte.swift in Sources */ = {isa = PBXBuildFile; fileRef = 16FC138525C0ABF600A8776F /* Byte.swift */; };
		16FC139025C8965C00A8776F /* OpExecutor.swift in Sources */ = {isa = PBXBuildFile; fileRef = 16FC138F25C8965B00A8776F /* OpExecutor.swift */; };
		16FC139825C896C300A8776F /* ChipState.swift in Sources */ = {isa = PBXBuildFile; fileRef = 16FC139725C896C200A8776F /* ChipState.swift */; };
/* End PBXBuildFile section */

/* Begin PBXContainerItemProxy section */
		164F161325BB8EE6002A8D89 /* PBXContainerItemProxy */ = {
			isa = PBXContainerItemProxy;
			containerPortal = 164F15F825BB8EE2002A8D89 /* Project object */;
			proxyType = 1;
			remoteGlobalIDString = 164F15FF25BB8EE3002A8D89;
			remoteInfo = "CHIP-8";
		};
/* End PBXContainerItemProxy section */

/* Begin PBXFileReference section */
		164F160025BB8EE3002A8D89 /* CHIP-8.app */ = {isa = PBXFileReference; explicitFileType = wrapper.application; includeInIndex = 0; path = "CHIP-8.app"; sourceTree = BUILT_PRODUCTS_DIR; };
		164F160325BB8EE3002A8D89 /* AppDelegate.swift */ = {isa = PBXFileReference; lastKnownFileType = sourcecode.swift; path = AppDelegate.swift; sourceTree = "<group>"; };
		164F160525BB8EE3002A8D89 /* ViewController.swift */ = {isa = PBXFileReference; lastKnownFileType = sourcecode.swift; path = ViewController.swift; sourceTree = "<group>"; };
		164F160725BB8EE6002A8D89 /* Assets.xcassets */ = {isa = PBXFileReference; lastKnownFileType = folder.assetcatalog; path = Assets.xcassets; sourceTree = "<group>"; };
		164F160A25BB8EE6002A8D89 /* Base */ = {isa = PBXFileReference; lastKnownFileType = file.storyboard; name = Base; path = Base.lproj/Main.storyboard; sourceTree = "<group>"; };
		164F160C25BB8EE6002A8D89 /* Info.plist */ = {isa = PBXFileReference; lastKnownFileType = text.plist.xml; path = Info.plist; sourceTree = "<group>"; };
		164F160D25BB8EE6002A8D89 /* CHIP_8.entitlements */ = {isa = PBXFileReference; lastKnownFileType = text.plist.entitlements; path = CHIP_8.entitlements; sourceTree = "<group>"; };
		164F161225BB8EE6002A8D89 /* CHIP-8Tests.xctest */ = {isa = PBXFileReference; explicitFileType = wrapper.cfbundle; includeInIndex = 0; path = "CHIP-8Tests.xctest"; sourceTree = BUILT_PRODUCTS_DIR; };
		164F161625BB8EE6002A8D89 /* OpExecutorTests.swift */ = {isa = PBXFileReference; lastKnownFileType = sourcecode.swift; path = OpExecutorTests.swift; sourceTree = "<group>"; };
		164F161825BB8EE6002A8D89 /* Info.plist */ = {isa = PBXFileReference; lastKnownFileType = text.plist.xml; path = Info.plist; sourceTree = "<group>"; };
		164F163225BB9271002A8D89 /* Chip8.swift */ = {isa = PBXFileReference; lastKnownFileType = sourcecode.swift; path = Chip8.swift; sourceTree = "<group>"; };
		167368D525CAE33F002295FE /* Chip8View.swift */ = {isa = PBXFileReference; lastKnownFileType = sourcecode.swift; path = Chip8View.swift; sourceTree = "<group>"; };
		167368D925CAE665002295FE /* Font.swift */ = {isa = PBXFileReference; lastKnownFileType = sourcecode.swift; path = Font.swift; sourceTree = "<group>"; };
		167368F425CB2F98002295FE /* RomSelectorModal.swift */ = {isa = PBXFileReference; lastKnownFileType = sourcecode.swift; path = RomSelectorModal.swift; sourceTree = "<group>"; };
		16B52B0325CF5299007C67A6 /* Chip8Screen.swift */ = {isa = PBXFileReference; lastKnownFileType = sourcecode.swift; path = Chip8Screen.swift; sourceTree = "<group>"; };
		16B52B0725CF557C007C67A6 /* Size.swift */ = {isa = PBXFileReference; lastKnownFileType = sourcecode.swift; path = Size.swift; sourceTree = "<group>"; };
		16FC137125BC608000A8776F /* RomLoader.swift */ = {isa = PBXFileReference; lastKnownFileType = sourcecode.swift; path = RomLoader.swift; sourceTree = "<group>"; };
		16FC137B25BC622300A8776F /* Disassembler.swift */ = {isa = PBXFileReference; lastKnownFileType = sourcecode.swift; path = Disassembler.swift; sourceTree = "<group>"; };
		16FC138025BF7BD700A8776F /* Word.swift */ = {isa = PBXFileReference; lastKnownFileType = sourcecode.swift; path = Word.swift; sourceTree = "<group>"; };
		16FC138525C0ABF600A8776F /* Byte.swift */ = {isa = PBXFileReference; lastKnownFileType = sourcecode.swift; path = Byte.swift; sourceTree = "<group>"; };
		16FC138F25C8965B00A8776F /* OpExecutor.swift */ = {isa = PBXFileReference; lastKnownFileType = sourcecode.swift; path = OpExecutor.swift; sourceTree = "<group>"; };
		16FC139725C896C200A8776F /* ChipState.swift */ = {isa = PBXFileReference; lastKnownFileType = sourcecode.swift; path = ChipState.swift; sourceTree = "<group>"; };
/* End PBXFileReference section */

/* Begin PBXFrameworksBuildPhase section */
		164F15FD25BB8EE3002A8D89 /* Frameworks */ = {
			isa = PBXFrameworksBuildPhase;
			buildActionMask = 2147483647;
			files = (
			);
			runOnlyForDeploymentPostprocessing = 0;
		};
		164F160F25BB8EE6002A8D89 /* Frameworks */ = {
			isa = PBXFrameworksBuildPhase;
			buildActionMask = 2147483647;
			files = (
			);
			runOnlyForDeploymentPostprocessing = 0;
		};
/* End PBXFrameworksBuildPhase section */

/* Begin PBXGroup section */
		164F15F725BB8EE2002A8D89 = {
			isa = PBXGroup;
			children = (
				164F160225BB8EE3002A8D89 /* CHIP-8 */,
				164F161525BB8EE6002A8D89 /* CHIP-8Tests */,
				164F160125BB8EE3002A8D89 /* Products */,
			);
			sourceTree = "<group>";
		};
		164F160125BB8EE3002A8D89 /* Products */ = {
			isa = PBXGroup;
			children = (
				164F160025BB8EE3002A8D89 /* CHIP-8.app */,
				164F161225BB8EE6002A8D89 /* CHIP-8Tests.xctest */,
			);
			name = Products;
			sourceTree = "<group>";
		};
		164F160225BB8EE3002A8D89 /* CHIP-8 */ = {
			isa = PBXGroup;
			children = (
				164F160325BB8EE3002A8D89 /* AppDelegate.swift */,
				164F160525BB8EE3002A8D89 /* ViewController.swift */,
				164F160725BB8EE6002A8D89 /* Assets.xcassets */,
				164F160925BB8EE6002A8D89 /* Main.storyboard */,
				164F160C25BB8EE6002A8D89 /* Info.plist */,
				164F160D25BB8EE6002A8D89 /* CHIP_8.entitlements */,
				164F163225BB9271002A8D89 /* Chip8.swift */,
				16FC137125BC608000A8776F /* RomLoader.swift */,
				16FC137B25BC622300A8776F /* Disassembler.swift */,
				16FC138025BF7BD700A8776F /* Word.swift */,
				16FC138525C0ABF600A8776F /* Byte.swift */,
				16FC138F25C8965B00A8776F /* OpExecutor.swift */,
				16FC139725C896C200A8776F /* ChipState.swift */,
				167368D525CAE33F002295FE /* Chip8View.swift */,
				167368D925CAE665002295FE /* Font.swift */,
				167368F425CB2F98002295FE /* RomSelectorModal.swift */,
				16B52B0325CF5299007C67A6 /* Chip8Screen.swift */,
				16B52B0725CF557C007C67A6 /* Size.swift */,
			);
			path = "CHIP-8";
			sourceTree = "<group>";
		};
		164F161525BB8EE6002A8D89 /* CHIP-8Tests */ = {
			isa = PBXGroup;
			children = (
				164F161625BB8EE6002A8D89 /* OpExecutorTests.swift */,
				164F161825BB8EE6002A8D89 /* Info.plist */,
			);
			path = "CHIP-8Tests";
			sourceTree = "<group>";
		};
/* End PBXGroup section */

/* Begin PBXNativeTarget section */
		164F15FF25BB8EE3002A8D89 /* CHIP-8 */ = {
			isa = PBXNativeTarget;
			buildConfigurationList = 164F162625BB8EE6002A8D89 /* Build configuration list for PBXNativeTarget "CHIP-8" */;
			buildPhases = (
				164F15FC25BB8EE3002A8D89 /* Sources */,
				164F15FD25BB8EE3002A8D89 /* Frameworks */,
				164F15FE25BB8EE3002A8D89 /* Resources */,
			);
			buildRules = (
			);
			dependencies = (
			);
			name = "CHIP-8";
			productName = "CHIP-8";
			productReference = 164F160025BB8EE3002A8D89 /* CHIP-8.app */;
			productType = "com.apple.product-type.application";
		};
		164F161125BB8EE6002A8D89 /* CHIP-8Tests */ = {
			isa = PBXNativeTarget;
			buildConfigurationList = 164F162925BB8EE6002A8D89 /* Build configuration list for PBXNativeTarget "CHIP-8Tests" */;
			buildPhases = (
				164F160E25BB8EE6002A8D89 /* Sources */,
				164F160F25BB8EE6002A8D89 /* Frameworks */,
				164F161025BB8EE6002A8D89 /* Resources */,
			);
			buildRules = (
			);
			dependencies = (
				164F161425BB8EE6002A8D89 /* PBXTargetDependency */,
			);
			name = "CHIP-8Tests";
			productName = "CHIP-8Tests";
			productReference = 164F161225BB8EE6002A8D89 /* CHIP-8Tests.xctest */;
			productType = "com.apple.product-type.bundle.unit-test";
		};
/* End PBXNativeTarget section */

/* Begin PBXProject section */
		164F15F825BB8EE2002A8D89 /* Project object */ = {
			isa = PBXProject;
			attributes = {
				LastSwiftUpdateCheck = 1230;
				LastUpgradeCheck = 1230;
				TargetAttributes = {
					164F15FF25BB8EE3002A8D89 = {
						CreatedOnToolsVersion = 12.3;
					};
					164F161125BB8EE6002A8D89 = {
						CreatedOnToolsVersion = 12.3;
						TestTargetID = 164F15FF25BB8EE3002A8D89;
					};
				};
			};
			buildConfigurationList = 164F15FB25BB8EE2002A8D89 /* Build configuration list for PBXProject "CHIP-8" */;
			compatibilityVersion = "Xcode 9.3";
			developmentRegion = en;
			hasScannedForEncodings = 0;
			knownRegions = (
				en,
				Base,
			);
			mainGroup = 164F15F725BB8EE2002A8D89;
			productRefGroup = 164F160125BB8EE3002A8D89 /* Products */;
			projectDirPath = "";
			projectRoot = "";
			targets = (
				164F15FF25BB8EE3002A8D89 /* CHIP-8 */,
				164F161125BB8EE6002A8D89 /* CHIP-8Tests */,
			);
		};
/* End PBXProject section */

/* Begin PBXResourcesBuildPhase section */
		164F15FE25BB8EE3002A8D89 /* Resources */ = {
			isa = PBXResourcesBuildPhase;
			buildActionMask = 2147483647;
			files = (
				164F160825BB8EE6002A8D89 /* Assets.xcassets in Resources */,
				164F160B25BB8EE6002A8D89 /* Main.storyboard in Resources */,
			);
			runOnlyForDeploymentPostprocessing = 0;
		};
		164F161025BB8EE6002A8D89 /* Resources */ = {
			isa = PBXResourcesBuildPhase;
			buildActionMask = 2147483647;
			files = (
			);
			runOnlyForDeploymentPostprocessing = 0;
		};
/* End PBXResourcesBuildPhase section */

/* Begin PBXSourcesBuildPhase section */
		164F15FC25BB8EE3002A8D89 /* Sources */ = {
			isa = PBXSourcesBuildPhase;
			buildActionMask = 2147483647;
			files = (
				164F163325BB9271002A8D89 /* Chip8.swift in Sources */,
				167368F525CB2F99002295FE /* RomSelectorModal.swift in Sources */,
				16FC138625C0ABF600A8776F /* Byte.swift in Sources */,
				16FC138125BF7BD700A8776F /* Word.swift in Sources */,
				167368D625CAE33F002295FE /* Chip8View.swift in Sources */,
				16B52B0425CF5299007C67A6 /* Chip8Screen.swift in Sources */,
				164F160625BB8EE3002A8D89 /* ViewController.swift in Sources */,
				16FC137225BC608000A8776F /* RomLoader.swift in Sources */,
				16B52B0825CF557C007C67A6 /* Size.swift in Sources */,
				16FC139825C896C300A8776F /* ChipState.swift in Sources */,
				167368DA25CAE665002295FE /* Font.swift in Sources */,
				16FC139025C8965C00A8776F /* OpExecutor.swift in Sources */,
				164F160425BB8EE3002A8D89 /* AppDelegate.swift in Sources */,
				16FC137C25BC622300A8776F /* Disassembler.swift in Sources */,
			);
			runOnlyForDeploymentPostprocessing = 0;
		};
		164F160E25BB8EE6002A8D89 /* Sources */ = {
			isa = PBXSourcesBuildPhase;
			buildActionMask = 2147483647;
			files = (
				164F161725BB8EE6002A8D89 /* OpExecutorTests.swift in Sources */,
			);
			runOnlyForDeploymentPostprocessing = 0;
		};
/* End PBXSourcesBuildPhase section */

/* Begin PBXTargetDependency section */
		164F161425BB8EE6002A8D89 /* PBXTargetDependency */ = {
			isa = PBXTargetDependency;
			target = 164F15FF25BB8EE3002A8D89 /* CHIP-8 */;
			targetProxy = 164F161325BB8EE6002A8D89 /* PBXContainerItemProxy */;
		};
/* End PBXTargetDependency section */

/* Begin PBXVariantGroup section */
		164F160925BB8EE6002A8D89 /* Main.storyboard */ = {
			isa = PBXVariantGroup;
			children = (
				164F160A25BB8EE6002A8D89 /* Base */,
			);
			name = Main.storyboard;
			sourceTree = "<group>";
		};
/* End PBXVariantGroup section */

/* Begin XCBuildConfiguration section */
		164F162425BB8EE6002A8D89 /* Debug */ = {
			isa = XCBuildConfiguration;
			buildSettings = {
				ALWAYS_SEARCH_USER_PATHS = NO;
				CLANG_ANALYZER_NONNULL = YES;
				CLANG_ANALYZER_NUMBER_OBJECT_CONVERSION = YES_AGGRESSIVE;
				CLANG_CXX_LANGUAGE_STANDARD = "gnu++14";
				CLANG_CXX_LIBRARY = "libc++";
				CLANG_ENABLE_MODULES = YES;
				CLANG_ENABLE_OBJC_ARC = YES;
				CLANG_ENABLE_OBJC_WEAK = YES;
				CLANG_WARN_BLOCK_CAPTURE_AUTORELEASING = YES;
				CLANG_WARN_BOOL_CONVERSION = YES;
				CLANG_WARN_COMMA = YES;
				CLANG_WARN_CONSTANT_CONVERSION = YES;
				CLANG_WARN_DEPRECATED_OBJC_IMPLEMENTATIONS = YES;
				CLANG_WARN_DIRECT_OBJC_ISA_USAGE = YES_ERROR;
				CLANG_WARN_DOCUMENTATION_COMMENTS = YES;
				CLANG_WARN_EMPTY_BODY = YES;
				CLANG_WARN_ENUM_CONVERSION = YES;
				CLANG_WARN_INFINITE_RECURSION = YES;
				CLANG_WARN_INT_CONVERSION = YES;
				CLANG_WARN_NON_LITERAL_NULL_CONVERSION = YES;
				CLANG_WARN_OBJC_IMPLICIT_RETAIN_SELF = YES;
				CLANG_WARN_OBJC_LITERAL_CONVERSION = YES;
				CLANG_WARN_OBJC_ROOT_CLASS = YES_ERROR;
				CLANG_WARN_QUOTED_INCLUDE_IN_FRAMEWORK_HEADER = YES;
				CLANG_WARN_RANGE_LOOP_ANALYSIS = YES;
				CLANG_WARN_STRICT_PROTOTYPES = YES;
				CLANG_WARN_SUSPICIOUS_MOVE = YES;
				CLANG_WARN_UNGUARDED_AVAILABILITY = YES_AGGRESSIVE;
				CLANG_WARN_UNREACHABLE_CODE = YES;
				CLANG_WARN__DUPLICATE_METHOD_MATCH = YES;
				COPY_PHASE_STRIP = NO;
				DEBUG_INFORMATION_FORMAT = dwarf;
				ENABLE_STRICT_OBJC_MSGSEND = YES;
				ENABLE_TESTABILITY = YES;
				GCC_C_LANGUAGE_STANDARD = gnu11;
				GCC_DYNAMIC_NO_PIC = NO;
				GCC_NO_COMMON_BLOCKS = YES;
				GCC_OPTIMIZATION_LEVEL = 0;
				GCC_PREPROCESSOR_DEFINITIONS = (
					"DEBUG=1",
					"$(inherited)",
				);
				GCC_WARN_64_TO_32_BIT_CONVERSION = YES;
				GCC_WARN_ABOUT_RETURN_TYPE = YES_ERROR;
				GCC_WARN_UNDECLARED_SELECTOR = YES;
				GCC_WARN_UNINITIALIZED_AUTOS = YES_AGGRESSIVE;
				GCC_WARN_UNUSED_FUNCTION = YES;
				GCC_WARN_UNUSED_VARIABLE = YES;
				MACOSX_DEPLOYMENT_TARGET = 10.15;
				MTL_ENABLE_DEBUG_INFO = INCLUDE_SOURCE;
				MTL_FAST_MATH = YES;
				ONLY_ACTIVE_ARCH = YES;
				SDKROOT = macosx;
				SWIFT_ACTIVE_COMPILATION_CONDITIONS = DEBUG;
				SWIFT_OPTIMIZATION_LEVEL = "-Onone";
			};
			name = Debug;
		};
		164F162525BB8EE6002A8D89 /* Release */ = {
			isa = XCBuildConfiguration;
			buildSettings = {
				ALWAYS_SEARCH_USER_PATHS = NO;
				CLANG_ANALYZER_NONNULL = YES;
				CLANG_ANALYZER_NUMBER_OBJECT_CONVERSION = YES_AGGRESSIVE;
				CLANG_CXX_LANGUAGE_STANDARD = "gnu++14";
				CLANG_CXX_LIBRARY = "libc++";
				CLANG_ENABLE_MODULES = YES;
				CLANG_ENABLE_OBJC_ARC = YES;
				CLANG_ENABLE_OBJC_WEAK = YES;
				CLANG_WARN_BLOCK_CAPTURE_AUTORELEASING = YES;
				CLANG_WARN_BOOL_CONVERSION = YES;
				CLANG_WARN_COMMA = YES;
				CLANG_WARN_CONSTANT_CONVERSION = YES;
				CLANG_WARN_DEPRECATED_OBJC_IMPLEMENTATIONS = YES;
				CLANG_WARN_DIRECT_OBJC_ISA_USAGE = YES_ERROR;
				CLANG_WARN_DOCUMENTATION_COMMENTS = YES;
				CLANG_WARN_EMPTY_BODY = YES;
				CLANG_WARN_ENUM_CONVERSION = YES;
				CLANG_WARN_INFINITE_RECURSION = YES;
				CLANG_WARN_INT_CONVERSION = YES;
				CLANG_WARN_NON_LITERAL_NULL_CONVERSION = YES;
				CLANG_WARN_OBJC_IMPLICIT_RETAIN_SELF = YES;
				CLANG_WARN_OBJC_LITERAL_CONVERSION = YES;
				CLANG_WARN_OBJC_ROOT_CLASS = YES_ERROR;
				CLANG_WARN_QUOTED_INCLUDE_IN_FRAMEWORK_HEADER = YES;
				CLANG_WARN_RANGE_LOOP_ANALYSIS = YES;
				CLANG_WARN_STRICT_PROTOTYPES = YES;
				CLANG_WARN_SUSPICIOUS_MOVE = YES;
				CLANG_WARN_UNGUARDED_AVAILABILITY = YES_AGGRESSIVE;
				CLANG_WARN_UNREACHABLE_CODE = YES;
				CLANG_WARN__DUPLICATE_METHOD_MATCH = YES;
				COPY_PHASE_STRIP = NO;
				DEBUG_INFORMATION_FORMAT = "dwarf-with-dsym";
				ENABLE_NS_ASSERTIONS = NO;
				ENABLE_STRICT_OBJC_MSGSEND = YES;
				GCC_C_LANGUAGE_STANDARD = gnu11;
				GCC_NO_COMMON_BLOCKS = YES;
				GCC_WARN_64_TO_32_BIT_CONVERSION = YES;
				GCC_WARN_ABOUT_RETURN_TYPE = YES_ERROR;
				GCC_WARN_UNDECLARED_SELECTOR = YES;
				GCC_WARN_UNINITIALIZED_AUTOS = YES_AGGRESSIVE;
				GCC_WARN_UNUSED_FUNCTION = YES;
				GCC_WARN_UNUSED_VARIABLE = YES;
				MACOSX_DEPLOYMENT_TARGET = 10.15;
				MTL_ENABLE_DEBUG_INFO = NO;
				MTL_FAST_MATH = YES;
				SDKROOT = macosx;
				SWIFT_COMPILATION_MODE = wholemodule;
				SWIFT_OPTIMIZATION_LEVEL = "-O";
			};
			name = Release;
		};
		164F162725BB8EE6002A8D89 /* Debug */ = {
			isa = XCBuildConfiguration;
			buildSettings = {
				ASSETCATALOG_COMPILER_APPICON_NAME = AppIcon;
				ASSETCATALOG_COMPILER_GLOBAL_ACCENT_COLOR_NAME = AccentColor;
				CODE_SIGN_ENTITLEMENTS = "CHIP-8/CHIP_8.entitlements";
				CODE_SIGN_STYLE = Automatic;
				COMBINE_HIDPI_IMAGES = YES;
				DEVELOPMENT_TEAM = B772YKJZX7;
				ENABLE_HARDENED_RUNTIME = YES;
				INFOPLIST_FILE = "CHIP-8/Info.plist";
				LD_RUNPATH_SEARCH_PATHS = (
					"$(inherited)",
					"@executable_path/../Frameworks",
				);
				PRODUCT_BUNDLE_IDENTIFIER = "com.rgrey.CHIP-8";
				PRODUCT_NAME = "$(TARGET_NAME)";
				SWIFT_VERSION = 5.0;
			};
			name = Debug;
		};
		164F162825BB8EE6002A8D89 /* Release */ = {
			isa = XCBuildConfiguration;
			buildSettings = {
				ASSETCATALOG_COMPILER_APPICON_NAME = AppIcon;
				ASSETCATALOG_COMPILER_GLOBAL_ACCENT_COLOR_NAME = AccentColor;
				CODE_SIGN_ENTITLEMENTS = "CHIP-8/CHIP_8.entitlements";
				CODE_SIGN_STYLE = Automatic;
				COMBINE_HIDPI_IMAGES = YES;
				DEVELOPMENT_TEAM = B772YKJZX7;
				ENABLE_HARDENED_RUNTIME = YES;
				INFOPLIST_FILE = "CHIP-8/Info.plist";
				LD_RUNPATH_SEARCH_PATHS = (
					"$(inherited)",
					"@executable_path/../Frameworks",
				);
				PRODUCT_BUNDLE_IDENTIFIER = "com.rgrey.CHIP-8";
				PRODUCT_NAME = "$(TARGET_NAME)";
				SWIFT_VERSION = 5.0;
			};
			name = Release;
		};
		164F162A25BB8EE6002A8D89 /* Debug */ = {
			isa = XCBuildConfiguration;
			buildSettings = {
				ALWAYS_EMBED_SWIFT_STANDARD_LIBRARIES = YES;
				BUNDLE_LOADER = "$(TEST_HOST)";
				CODE_SIGN_STYLE = Automatic;
				COMBINE_HIDPI_IMAGES = YES;
				DEVELOPMENT_TEAM = B772YKJZX7;
				INFOPLIST_FILE = "CHIP-8Tests/Info.plist";
				LD_RUNPATH_SEARCH_PATHS = (
					"$(inherited)",
					"@executable_path/../Frameworks",
					"@loader_path/../Frameworks",
				);
				MACOSX_DEPLOYMENT_TARGET = 10.15;
				PRODUCT_BUNDLE_IDENTIFIER = "com.rgrey.CHIP-8Tests";
				PRODUCT_NAME = "$(TARGET_NAME)";
				SWIFT_VERSION = 5.0;
				TEST_HOST = "$(BUILT_PRODUCTS_DIR)/CHIP-8.app/Contents/MacOS/CHIP-8";
			};
			name = Debug;
		};
		164F162B25BB8EE6002A8D89 /* Release */ = {
			isa = XCBuildConfiguration;
			buildSettings = {
				ALWAYS_EMBED_SWIFT_STANDARD_LIBRARIES = YES;
				BUNDLE_LOADER = "$(TEST_HOST)";
				CODE_SIGN_STYLE = Automatic;
				COMBINE_HIDPI_IMAGES = YES;
				DEVELOPMENT_TEAM = B772YKJZX7;
				INFOPLIST_FILE = "CHIP-8Tests/Info.plist";
				LD_RUNPATH_SEARCH_PATHS = (
					"$(inherited)",
					"@executable_path/../Frameworks",
					"@loader_path/../Frameworks",
				);
				MACOSX_DEPLOYMENT_TARGET = 10.15;
				PRODUCT_BUNDLE_IDENTIFIER = "com.rgrey.CHIP-8Tests";
				PRODUCT_NAME = "$(TARGET_NAME)";
				SWIFT_VERSION = 5.0;
				TEST_HOST = "$(BUILT_PRODUCTS_DIR)/CHIP-8.app/Contents/MacOS/CHIP-8";
			};
			name = Release;
		};
/* End XCBuildConfiguration section */

/* Begin XCConfigurationList section */
		164F15FB25BB8EE2002A8D89 /* Build configuration list for PBXProject "CHIP-8" */ = {
			isa = XCConfigurationList;
			buildConfigurations = (
				164F162425BB8EE6002A8D89 /* Debug */,
				164F162525BB8EE6002A8D89 /* Release */,
			);
			defaultConfigurationIsVisible = 0;
			defaultConfigurationName = Release;
		};
		164F162625BB8EE6002A8D89 /* Build configuration list for PBXNativeTarget "CHIP-8" */ = {
			isa = XCConfigurationList;
			buildConfigurations = (
				164F162725BB8EE6002A8D89 /* Debug */,
				164F162825BB8EE6002A8D89 /* Release */,
			);
			defaultConfigurationIsVisible = 0;
			defaultConfigurationName = Release;
		};
		164F162925BB8EE6002A8D89 /* Build configuration list for PBXNativeTarget "CHIP-8Tests" */ = {
			isa = XCConfigurationList;
			buildConfigurations = (
				164F162A25BB8EE6002A8D89 /* Debug */,
				164F162B25BB8EE6002A8D89 /* Release */,
			);
			defaultConfigurationIsVisible = 0;
			defaultConfigurationName = Release;
		};
/* End XCConfigurationList section */
	};
	rootObject = 164F15F825BB8EE2002A8D89 /* Project object */;
}
